{
  "originHash" : "52ad57a8bde2f44aff2b5d501e9fe08b9c761bc97ea7cdde24669f64545c600b",
  "pins" : [
    {
      "identity" : "xestitokens",
      "kind" : "remoteSourceControl",
      "location" : "https://github.com/eBardX/XestiTokens.git",
      "state" : {
        "revision" : "d6f12aeaa4547f416de3dfaae5e14f37e3e5b169",
        "version" : "2.0.0"
      }
    },
    {
      "identity" : "xestitools",
      "kind" : "remoteSourceControl",
      "location" : "https://github.com/eBardX/XestiTools.git",
      "state" : {
        "revision" : "05991497b8c7cb5ccfd4c9440c5b8548f6989ab3",
        "version" : "9.1.0"
      }
    }
  ],
  "version" : 3
}
